// !$*UTF8*$!
{
	archiveVersion = 1;
	classes = {
	};
	objectVersion = 46;
	objects = {

/* Begin PBXBuildFile section */
		577B1D5080234A7E8370DF02 /* libPods-NXCollectionViewDataSourceTests.a in Frameworks */ = {isa = PBXBuildFile; fileRef = 4BF5B3BA323C4320B3B46CC0 /* libPods-NXCollectionViewDataSourceTests.a */; };
		F631AA8918902CBB006FE116 /* NXFetchedCollectionViewDataSourceTests-FetchLimit.m in Sources */ = {isa = PBXBuildFile; fileRef = F631AA8818902CBB006FE116 /* NXFetchedCollectionViewDataSourceTests-FetchLimit.m */; };
		F631F042188E790D00F40B67 /* NXFetchedCollectionViewDataSourceTests.m in Sources */ = {isa = PBXBuildFile; fileRef = F631F041188E790D00F40B67 /* NXFetchedCollectionViewDataSourceTests.m */; };
		F631F046188E79DC00F40B67 /* Model.xcdatamodeld in Sources */ = {isa = PBXBuildFile; fileRef = F631F044188E79DC00F40B67 /* Model.xcdatamodeld */; };
		F631F049188E7A3600F40B67 /* Person.m in Sources */ = {isa = PBXBuildFile; fileRef = F631F048188E7A3600F40B67 /* Person.m */; };
		F631F054188E99AC00F40B67 /* NXFetchedCollectionViewDataSourceTests-CollectionViewUpdates.m in Sources */ = {isa = PBXBuildFile; fileRef = F631F053188E99AC00F40B67 /* NXFetchedCollectionViewDataSourceTests-CollectionViewUpdates.m */; };
		F6615BBB1891842700687432 /* NXFetchedCollectionViewDataSourceTests-SectionItems.m in Sources */ = {isa = PBXBuildFile; fileRef = F6615BBA1891842700687432 /* NXFetchedCollectionViewDataSourceTests-SectionItems.m */; };
		F6615BBE189184F300687432 /* Group.m in Sources */ = {isa = PBXBuildFile; fileRef = F6615BBD189184F300687432 /* Group.m */; };
		F6C17685188D5BA400F828AA /* Foundation.framework in Frameworks */ = {isa = PBXBuildFile; fileRef = F6C17684188D5BA400F828AA /* Foundation.framework */; };
		F6C1768A188D5BA400F828AA /* NXCollectionViewDataSource.h in CopyFiles */ = {isa = PBXBuildFile; fileRef = F6C17689188D5BA400F828AA /* NXCollectionViewDataSource.h */; };
		F6C1768C188D5BA400F828AA /* NXCollectionViewDataSource.m in Sources */ = {isa = PBXBuildFile; fileRef = F6C1768B188D5BA400F828AA /* NXCollectionViewDataSource.m */; };
		F6C17693188D5BA400F828AA /* XCTest.framework in Frameworks */ = {isa = PBXBuildFile; fileRef = F6C17692188D5BA400F828AA /* XCTest.framework */; };
		F6C17694188D5BA400F828AA /* Foundation.framework in Frameworks */ = {isa = PBXBuildFile; fileRef = F6C17684188D5BA400F828AA /* Foundation.framework */; };
		F6C17696188D5BA400F828AA /* UIKit.framework in Frameworks */ = {isa = PBXBuildFile; fileRef = F6C17695188D5BA400F828AA /* UIKit.framework */; };
		F6C17699188D5BA400F828AA /* libNXCollectionViewDataSource.a in Frameworks */ = {isa = PBXBuildFile; fileRef = F6C17681188D5BA400F828AA /* libNXCollectionViewDataSource.a */; };
		F6C1769F188D5BA400F828AA /* InfoPlist.strings in Resources */ = {isa = PBXBuildFile; fileRef = F6C1769D188D5BA400F828AA /* InfoPlist.strings */; };
		F6C176A1188D5BA400F828AA /* NXCollectionViewDataSourceTests.m in Sources */ = {isa = PBXBuildFile; fileRef = F6C176A0188D5BA400F828AA /* NXCollectionViewDataSourceTests.m */; };
		F6C176AF188D5F8900F828AA /* NXStaticCollectionViewDataSource.m in Sources */ = {isa = PBXBuildFile; fileRef = F6C176AE188D5F8900F828AA /* NXStaticCollectionViewDataSource.m */; };
		F6C176B2188D5F9900F828AA /* NXFetchedCollectionViewDataSource.m in Sources */ = {isa = PBXBuildFile; fileRef = F6C176B1188D5F9900F828AA /* NXFetchedCollectionViewDataSource.m */; };
		F6C176B4188D655C00F828AA /* NXStaticCollectionViewDataSourceTests.m in Sources */ = {isa = PBXBuildFile; fileRef = F6C176B3188D655C00F828AA /* NXStaticCollectionViewDataSourceTests.m */; };
/* End PBXBuildFile section */

/* Begin PBXContainerItemProxy section */
		F6C17697188D5BA400F828AA /* PBXContainerItemProxy */ = {
			isa = PBXContainerItemProxy;
			containerPortal = F6C17679188D5BA400F828AA /* Project object */;
			proxyType = 1;
			remoteGlobalIDString = F6C17680188D5BA400F828AA;
			remoteInfo = NXCollectionViewDataSource;
		};
/* End PBXContainerItemProxy section */

/* Begin PBXCopyFilesBuildPhase section */
		F6C1767F188D5BA400F828AA /* CopyFiles */ = {
			isa = PBXCopyFilesBuildPhase;
			buildActionMask = 2147483647;
			dstPath = "include/$(PRODUCT_NAME)";
			dstSubfolderSpec = 16;
			files = (
				F6C1768A188D5BA400F828AA /* NXCollectionViewDataSource.h in CopyFiles */,
			);
			runOnlyForDeploymentPostprocessing = 0;
		};
/* End PBXCopyFilesBuildPhase section */

/* Begin PBXFileReference section */
		293CC20CFBD242DBB6F289BA /* Pods-NXCollectionViewDataSourceTests.xcconfig */ = {isa = PBXFileReference; includeInIndex = 1; lastKnownFileType = text.xcconfig; name = "Pods-NXCollectionViewDataSourceTests.xcconfig"; path = "../Pods/Pods-NXCollectionViewDataSourceTests.xcconfig"; sourceTree = "<group>"; };
		4BF5B3BA323C4320B3B46CC0 /* libPods-NXCollectionViewDataSourceTests.a */ = {isa = PBXFileReference; explicitFileType = archive.ar; includeInIndex = 0; path = "libPods-NXCollectionViewDataSourceTests.a"; sourceTree = BUILT_PRODUCTS_DIR; };
		F631AA8818902CBB006FE116 /* NXFetchedCollectionViewDataSourceTests-FetchLimit.m */ = {isa = PBXFileReference; fileEncoding = 4; lastKnownFileType = sourcecode.c.objc; path = "NXFetchedCollectionViewDataSourceTests-FetchLimit.m"; sourceTree = "<group>"; };
		F631F041188E790D00F40B67 /* NXFetchedCollectionViewDataSourceTests.m */ = {isa = PBXFileReference; fileEncoding = 4; lastKnownFileType = sourcecode.c.objc; path = NXFetchedCollectionViewDataSourceTests.m; sourceTree = "<group>"; };
		F631F045188E79DC00F40B67 /* Model.xcdatamodel */ = {isa = PBXFileReference; lastKnownFileType = wrapper.xcdatamodel; path = Model.xcdatamodel; sourceTree = "<group>"; };
		F631F047188E7A3600F40B67 /* Person.h */ = {isa = PBXFileReference; fileEncoding = 4; lastKnownFileType = sourcecode.c.h; path = Person.h; sourceTree = "<group>"; };
		F631F048188E7A3600F40B67 /* Person.m */ = {isa = PBXFileReference; fileEncoding = 4; lastKnownFileType = sourcecode.c.objc; path = Person.m; sourceTree = "<group>"; };
		F631F053188E99AC00F40B67 /* NXFetchedCollectionViewDataSourceTests-CollectionViewUpdates.m */ = {isa = PBXFileReference; fileEncoding = 4; lastKnownFileType = sourcecode.c.objc; path = "NXFetchedCollectionViewDataSourceTests-CollectionViewUpdates.m"; sourceTree = "<group>"; };
		F6615BBA1891842700687432 /* NXFetchedCollectionViewDataSourceTests-SectionItems.m */ = {isa = PBXFileReference; fileEncoding = 4; lastKnownFileType = sourcecode.c.objc; path = "NXFetchedCollectionViewDataSourceTests-SectionItems.m"; sourceTree = "<group>"; };
		F6615BBC189184F300687432 /* Group.h */ = {isa = PBXFileReference; fileEncoding = 4; lastKnownFileType = sourcecode.c.h; path = Group.h; sourceTree = "<group>"; };
		F6615BBD189184F300687432 /* Group.m */ = {isa = PBXFileReference; fileEncoding = 4; lastKnownFileType = sourcecode.c.objc; path = Group.m; sourceTree = "<group>"; };
		F6C17681188D5BA400F828AA /* libNXCollectionViewDataSource.a */ = {isa = PBXFileReference; explicitFileType = archive.ar; includeInIndex = 0; path = libNXCollectionViewDataSource.a; sourceTree = BUILT_PRODUCTS_DIR; };
		F6C17684188D5BA400F828AA /* Foundation.framework */ = {isa = PBXFileReference; lastKnownFileType = wrapper.framework; name = Foundation.framework; path = System/Library/Frameworks/Foundation.framework; sourceTree = SDKROOT; };
		F6C17688188D5BA400F828AA /* NXCollectionViewDataSource-Prefix.pch */ = {isa = PBXFileReference; lastKnownFileType = sourcecode.c.h; path = "NXCollectionViewDataSource-Prefix.pch"; sourceTree = "<group>"; };
		F6C17689188D5BA400F828AA /* NXCollectionViewDataSource.h */ = {isa = PBXFileReference; lastKnownFileType = sourcecode.c.h; path = NXCollectionViewDataSource.h; sourceTree = "<group>"; };
		F6C1768B188D5BA400F828AA /* NXCollectionViewDataSource.m */ = {isa = PBXFileReference; lastKnownFileType = sourcecode.c.objc; path = NXCollectionViewDataSource.m; sourceTree = "<group>"; };
		F6C17691188D5BA400F828AA /* NXCollectionViewDataSourceTests.xctest */ = {isa = PBXFileReference; explicitFileType = wrapper.cfbundle; includeInIndex = 0; path = NXCollectionViewDataSourceTests.xctest; sourceTree = BUILT_PRODUCTS_DIR; };
		F6C17692188D5BA400F828AA /* XCTest.framework */ = {isa = PBXFileReference; lastKnownFileType = wrapper.framework; name = XCTest.framework; path = Library/Frameworks/XCTest.framework; sourceTree = DEVELOPER_DIR; };
		F6C17695188D5BA400F828AA /* UIKit.framework */ = {isa = PBXFileReference; lastKnownFileType = wrapper.framework; name = UIKit.framework; path = Library/Frameworks/UIKit.framework; sourceTree = DEVELOPER_DIR; };
		F6C1769C188D5BA400F828AA /* NXCollectionViewDataSourceTests-Info.plist */ = {isa = PBXFileReference; lastKnownFileType = text.plist.xml; path = "NXCollectionViewDataSourceTests-Info.plist"; sourceTree = "<group>"; };
		F6C1769E188D5BA400F828AA /* en */ = {isa = PBXFileReference; lastKnownFileType = text.plist.strings; name = en; path = en.lproj/InfoPlist.strings; sourceTree = "<group>"; };
		F6C176A0188D5BA400F828AA /* NXCollectionViewDataSourceTests.m */ = {isa = PBXFileReference; lastKnownFileType = sourcecode.c.objc; path = NXCollectionViewDataSourceTests.m; sourceTree = "<group>"; };
		F6C176AD188D5F8900F828AA /* NXStaticCollectionViewDataSource.h */ = {isa = PBXFileReference; fileEncoding = 4; lastKnownFileType = sourcecode.c.h; path = NXStaticCollectionViewDataSource.h; sourceTree = "<group>"; };
		F6C176AE188D5F8900F828AA /* NXStaticCollectionViewDataSource.m */ = {isa = PBXFileReference; fileEncoding = 4; lastKnownFileType = sourcecode.c.objc; path = NXStaticCollectionViewDataSource.m; sourceTree = "<group>"; };
		F6C176B0188D5F9900F828AA /* NXFetchedCollectionViewDataSource.h */ = {isa = PBXFileReference; fileEncoding = 4; lastKnownFileType = sourcecode.c.h; path = NXFetchedCollectionViewDataSource.h; sourceTree = "<group>"; };
		F6C176B1188D5F9900F828AA /* NXFetchedCollectionViewDataSource.m */ = {isa = PBXFileReference; fileEncoding = 4; lastKnownFileType = sourcecode.c.objc; path = NXFetchedCollectionViewDataSource.m; sourceTree = "<group>"; };
		F6C176B3188D655C00F828AA /* NXStaticCollectionViewDataSourceTests.m */ = {isa = PBXFileReference; fileEncoding = 4; lastKnownFileType = sourcecode.c.objc; path = NXStaticCollectionViewDataSourceTests.m; sourceTree = "<group>"; };
		F6C176B5188D71FD00F828AA /* NXCollectionViewDataSource+Private.h */ = {isa = PBXFileReference; fileEncoding = 4; lastKnownFileType = sourcecode.c.h; path = "NXCollectionViewDataSource+Private.h"; sourceTree = "<group>"; };
/* End PBXFileReference section */

/* Begin PBXFrameworksBuildPhase section */
		F6C1767E188D5BA400F828AA /* Frameworks */ = {
			isa = PBXFrameworksBuildPhase;
			buildActionMask = 2147483647;
			files = (
				F6C17685188D5BA400F828AA /* Foundation.framework in Frameworks */,
			);
			runOnlyForDeploymentPostprocessing = 0;
		};
		F6C1768E188D5BA400F828AA /* Frameworks */ = {
			isa = PBXFrameworksBuildPhase;
			buildActionMask = 2147483647;
			files = (
				F6C17693188D5BA400F828AA /* XCTest.framework in Frameworks */,
				F6C17699188D5BA400F828AA /* libNXCollectionViewDataSource.a in Frameworks */,
				F6C17696188D5BA400F828AA /* UIKit.framework in Frameworks */,
				F6C17694188D5BA400F828AA /* Foundation.framework in Frameworks */,
				577B1D5080234A7E8370DF02 /* libPods-NXCollectionViewDataSourceTests.a in Frameworks */,
			);
			runOnlyForDeploymentPostprocessing = 0;
		};
/* End PBXFrameworksBuildPhase section */

/* Begin PBXGroup section */
		F631F043188E79C500F40B67 /* Test Model */ = {
			isa = PBXGroup;
			children = (
				F631F047188E7A3600F40B67 /* Person.h */,
				F631F048188E7A3600F40B67 /* Person.m */,
				F6615BBC189184F300687432 /* Group.h */,
				F6615BBD189184F300687432 /* Group.m */,
				F631F044188E79DC00F40B67 /* Model.xcdatamodeld */,
			);
			name = "Test Model";
			sourceTree = "<group>";
		};
		F6C17678188D5BA400F828AA = {
			isa = PBXGroup;
			children = (
				F6C17686188D5BA400F828AA /* NXCollectionViewDataSource */,
				F6C1769A188D5BA400F828AA /* NXCollectionViewDataSourceTests */,
				F6C17683188D5BA400F828AA /* Frameworks */,
				F6C17682188D5BA400F828AA /* Products */,
				293CC20CFBD242DBB6F289BA /* Pods-NXCollectionViewDataSourceTests.xcconfig */,
			);
			sourceTree = "<group>";
		};
		F6C17682188D5BA400F828AA /* Products */ = {
			isa = PBXGroup;
			children = (
				F6C17681188D5BA400F828AA /* libNXCollectionViewDataSource.a */,
				F6C17691188D5BA400F828AA /* NXCollectionViewDataSourceTests.xctest */,
			);
			name = Products;
			sourceTree = "<group>";
		};
		F6C17683188D5BA400F828AA /* Frameworks */ = {
			isa = PBXGroup;
			children = (
				F6C17684188D5BA400F828AA /* Foundation.framework */,
				F6C17692188D5BA400F828AA /* XCTest.framework */,
				F6C17695188D5BA400F828AA /* UIKit.framework */,
				4BF5B3BA323C4320B3B46CC0 /* libPods-NXCollectionViewDataSourceTests.a */,
			);
			name = Frameworks;
			sourceTree = "<group>";
		};
		F6C17686188D5BA400F828AA /* NXCollectionViewDataSource */ = {
			isa = PBXGroup;
			children = (
				F6C17689188D5BA400F828AA /* NXCollectionViewDataSource.h */,
				F6C176B5188D71FD00F828AA /* NXCollectionViewDataSource+Private.h */,
				F6C1768B188D5BA400F828AA /* NXCollectionViewDataSource.m */,
				F6C176AD188D5F8900F828AA /* NXStaticCollectionViewDataSource.h */,
				F6C176AE188D5F8900F828AA /* NXStaticCollectionViewDataSource.m */,
				F6C176B0188D5F9900F828AA /* NXFetchedCollectionViewDataSource.h */,
				F6C176B1188D5F9900F828AA /* NXFetchedCollectionViewDataSource.m */,
				F6C17687188D5BA400F828AA /* Supporting Files */,
			);
			path = NXCollectionViewDataSource;
			sourceTree = "<group>";
		};
		F6C17687188D5BA400F828AA /* Supporting Files */ = {
			isa = PBXGroup;
			children = (
				F6C17688188D5BA400F828AA /* NXCollectionViewDataSource-Prefix.pch */,
			);
			name = "Supporting Files";
			sourceTree = "<group>";
		};
		F6C1769A188D5BA400F828AA /* NXCollectionViewDataSourceTests */ = {
			isa = PBXGroup;
			children = (
				F6C176A0188D5BA400F828AA /* NXCollectionViewDataSourceTests.m */,
				F6C176B3188D655C00F828AA /* NXStaticCollectionViewDataSourceTests.m */,
				F631F041188E790D00F40B67 /* NXFetchedCollectionViewDataSourceTests.m */,
				F631F053188E99AC00F40B67 /* NXFetchedCollectionViewDataSourceTests-CollectionViewUpdates.m */,
				F631AA8818902CBB006FE116 /* NXFetchedCollectionViewDataSourceTests-FetchLimit.m */,
				F6615BBA1891842700687432 /* NXFetchedCollectionViewDataSourceTests-SectionItems.m */,
				F631F043188E79C500F40B67 /* Test Model */,
				F6C1769B188D5BA400F828AA /* Supporting Files */,
			);
			path = NXCollectionViewDataSourceTests;
			sourceTree = "<group>";
		};
		F6C1769B188D5BA400F828AA /* Supporting Files */ = {
			isa = PBXGroup;
			children = (
				F6C1769C188D5BA400F828AA /* NXCollectionViewDataSourceTests-Info.plist */,
				F6C1769D188D5BA400F828AA /* InfoPlist.strings */,
			);
			name = "Supporting Files";
			sourceTree = "<group>";
		};
/* End PBXGroup section */

/* Begin PBXNativeTarget section */
		F6C17680188D5BA400F828AA /* NXCollectionViewDataSource */ = {
			isa = PBXNativeTarget;
			buildConfigurationList = F6C176A4188D5BA400F828AA /* Build configuration list for PBXNativeTarget "NXCollectionViewDataSource" */;
			buildPhases = (
				F6C1767D188D5BA400F828AA /* Sources */,
				F6C1767E188D5BA400F828AA /* Frameworks */,
				F6C1767F188D5BA400F828AA /* CopyFiles */,
			);
			buildRules = (
			);
			dependencies = (
			);
			name = NXCollectionViewDataSource;
			productName = NXCollectionViewDataSource;
			productReference = F6C17681188D5BA400F828AA /* libNXCollectionViewDataSource.a */;
			productType = "com.apple.product-type.library.static";
		};
		F6C17690188D5BA400F828AA /* NXCollectionViewDataSourceTests */ = {
			isa = PBXNativeTarget;
			buildConfigurationList = F6C176A7188D5BA400F828AA /* Build configuration list for PBXNativeTarget "NXCollectionViewDataSourceTests" */;
			buildPhases = (
				D91AB3C1D33841BF9CAD65FC /* Check Pods Manifest.lock */,
				F6C1768D188D5BA400F828AA /* Sources */,
				F6C1768E188D5BA400F828AA /* Frameworks */,
				F6C1768F188D5BA400F828AA /* Resources */,
				8E509A5428C34C00A6C0FF8D /* Copy Pods Resources */,
			);
			buildRules = (
			);
			dependencies = (
				F6C17698188D5BA400F828AA /* PBXTargetDependency */,
			);
			name = NXCollectionViewDataSourceTests;
			productName = NXCollectionViewDataSourceTests;
			productReference = F6C17691188D5BA400F828AA /* NXCollectionViewDataSourceTests.xctest */;
			productType = "com.apple.product-type.bundle.unit-test";
		};
/* End PBXNativeTarget section */

/* Begin PBXProject section */
		F6C17679188D5BA400F828AA /* Project object */ = {
			isa = PBXProject;
			attributes = {
				LastUpgradeCheck = 0500;
				ORGANIZATIONNAME = "nxtbgthng GmbH";
			};
			buildConfigurationList = F6C1767C188D5BA400F828AA /* Build configuration list for PBXProject "NXCollectionViewDataSource" */;
			compatibilityVersion = "Xcode 3.2";
			developmentRegion = English;
			hasScannedForEncodings = 0;
			knownRegions = (
				en,
			);
			mainGroup = F6C17678188D5BA400F828AA;
			productRefGroup = F6C17682188D5BA400F828AA /* Products */;
			projectDirPath = "";
			projectRoot = "";
			targets = (
				F6C17680188D5BA400F828AA /* NXCollectionViewDataSource */,
				F6C17690188D5BA400F828AA /* NXCollectionViewDataSourceTests */,
			);
		};
/* End PBXProject section */

/* Begin PBXResourcesBuildPhase section */
		F6C1768F188D5BA400F828AA /* Resources */ = {
			isa = PBXResourcesBuildPhase;
			buildActionMask = 2147483647;
			files = (
				F6C1769F188D5BA400F828AA /* InfoPlist.strings in Resources */,
			);
			runOnlyForDeploymentPostprocessing = 0;
		};
/* End PBXResourcesBuildPhase section */

/* Begin PBXShellScriptBuildPhase section */
		8E509A5428C34C00A6C0FF8D /* Copy Pods Resources */ = {
			isa = PBXShellScriptBuildPhase;
			buildActionMask = 2147483647;
			files = (
			);
			inputPaths = (
			);
			name = "Copy Pods Resources";
			outputPaths = (
			);
			runOnlyForDeploymentPostprocessing = 0;
			shellPath = /bin/sh;
			shellScript = "\"${SRCROOT}/../Pods/Pods-NXCollectionViewDataSourceTests-resources.sh\"\n";
			showEnvVarsInLog = 0;
		};
		D91AB3C1D33841BF9CAD65FC /* Check Pods Manifest.lock */ = {
			isa = PBXShellScriptBuildPhase;
			buildActionMask = 2147483647;
			files = (
			);
			inputPaths = (
			);
			name = "Check Pods Manifest.lock";
			outputPaths = (
			);
			runOnlyForDeploymentPostprocessing = 0;
			shellPath = /bin/sh;
			shellScript = "diff \"${PODS_ROOT}/../Podfile.lock\" \"${PODS_ROOT}/Manifest.lock\" > /dev/null\nif [[ $? != 0 ]] ; then\n    cat << EOM\nerror: The sandbox is not in sync with the Podfile.lock. Run 'pod install' or update your CocoaPods installation.\nEOM\n    exit 1\nfi\n";
			showEnvVarsInLog = 0;
		};
/* End PBXShellScriptBuildPhase section */

/* Begin PBXSourcesBuildPhase section */
		F6C1767D188D5BA400F828AA /* Sources */ = {
			isa = PBXSourcesBuildPhase;
			buildActionMask = 2147483647;
			files = (
				F6C1768C188D5BA400F828AA /* NXCollectionViewDataSource.m in Sources */,
				F6C176B2188D5F9900F828AA /* NXFetchedCollectionViewDataSource.m in Sources */,
				F6C176AF188D5F8900F828AA /* NXStaticCollectionViewDataSource.m in Sources */,
			);
			runOnlyForDeploymentPostprocessing = 0;
		};
		F6C1768D188D5BA400F828AA /* Sources */ = {
			isa = PBXSourcesBuildPhase;
			buildActionMask = 2147483647;
			files = (
				F6615BBE189184F300687432 /* Group.m in Sources */,
				F6C176A1188D5BA400F828AA /* NXCollectionViewDataSourceTests.m in Sources */,
				F6C176B4188D655C00F828AA /* NXStaticCollectionViewDataSourceTests.m in Sources */,
				F6615BBB1891842700687432 /* NXFetchedCollectionViewDataSourceTests-SectionItems.m in Sources */,
				F631AA8918902CBB006FE116 /* NXFetchedCollectionViewDataSourceTests-FetchLimit.m in Sources */,
				F631F049188E7A3600F40B67 /* Person.m in Sources */,
				F631F054188E99AC00F40B67 /* NXFetchedCollectionViewDataSourceTests-CollectionViewUpdates.m in Sources */,
				F631F042188E790D00F40B67 /* NXFetchedCollectionViewDataSourceTests.m in Sources */,
				F631F046188E79DC00F40B67 /* Model.xcdatamodeld in Sources */,
			);
			runOnlyForDeploymentPostprocessing = 0;
		};
/* End PBXSourcesBuildPhase section */

/* Begin PBXTargetDependency section */
		F6C17698188D5BA400F828AA /* PBXTargetDependency */ = {
			isa = PBXTargetDependency;
			target = F6C17680188D5BA400F828AA /* NXCollectionViewDataSource */;
			targetProxy = F6C17697188D5BA400F828AA /* PBXContainerItemProxy */;
		};
/* End PBXTargetDependency section */

/* Begin PBXVariantGroup section */
		F6C1769D188D5BA400F828AA /* InfoPlist.strings */ = {
			isa = PBXVariantGroup;
			children = (
				F6C1769E188D5BA400F828AA /* en */,
			);
			name = InfoPlist.strings;
			sourceTree = "<group>";
		};
/* End PBXVariantGroup section */

/* Begin XCBuildConfiguration section */
		F6C176A2188D5BA400F828AA /* Debug */ = {
			isa = XCBuildConfiguration;
			buildSettings = {
				ALWAYS_SEARCH_USER_PATHS = NO;
				ARCHS = "$(ARCHS_STANDARD_INCLUDING_64_BIT)";
				CLANG_CXX_LANGUAGE_STANDARD = "gnu++0x";
				CLANG_CXX_LIBRARY = "libc++";
				CLANG_ENABLE_MODULES = YES;
				CLANG_ENABLE_OBJC_ARC = YES;
				CLANG_WARN_BOOL_CONVERSION = YES;
				CLANG_WARN_CONSTANT_CONVERSION = YES;
				CLANG_WARN_DIRECT_OBJC_ISA_USAGE = YES_ERROR;
				CLANG_WARN_EMPTY_BODY = YES;
				CLANG_WARN_ENUM_CONVERSION = YES;
				CLANG_WARN_INT_CONVERSION = YES;
				CLANG_WARN_OBJC_ROOT_CLASS = YES_ERROR;
				CLANG_WARN__DUPLICATE_METHOD_MATCH = YES;
				COPY_PHASE_STRIP = NO;
				GCC_C_LANGUAGE_STANDARD = gnu99;
				GCC_DYNAMIC_NO_PIC = NO;
				GCC_OPTIMIZATION_LEVEL = 0;
				GCC_PREPROCESSOR_DEFINITIONS = (
					"DEBUG=1",
					"$(inherited)",
				);
				GCC_SYMBOLS_PRIVATE_EXTERN = NO;
				GCC_WARN_64_TO_32_BIT_CONVERSION = YES;
				GCC_WARN_ABOUT_RETURN_TYPE = YES_ERROR;
				GCC_WARN_UNDECLARED_SELECTOR = YES;
				GCC_WARN_UNINITIALIZED_AUTOS = YES;
				GCC_WARN_UNUSED_FUNCTION = YES;
				GCC_WARN_UNUSED_VARIABLE = YES;
				IPHONEOS_DEPLOYMENT_TARGET = 6.1;
				ONLY_ACTIVE_ARCH = YES;
				SDKROOT = iphoneos;
			};
			name = Debug;
		};
		F6C176A3188D5BA400F828AA /* Release */ = {
			isa = XCBuildConfiguration;
			buildSettings = {
				ALWAYS_SEARCH_USER_PATHS = NO;
				ARCHS = "$(ARCHS_STANDARD_INCLUDING_64_BIT)";
				CLANG_CXX_LANGUAGE_STANDARD = "gnu++0x";
				CLANG_CXX_LIBRARY = "libc++";
				CLANG_ENABLE_MODULES = YES;
				CLANG_ENABLE_OBJC_ARC = YES;
				CLANG_WARN_BOOL_CONVERSION = YES;
				CLANG_WARN_CONSTANT_CONVERSION = YES;
				CLANG_WARN_DIRECT_OBJC_ISA_USAGE = YES_ERROR;
				CLANG_WARN_EMPTY_BODY = YES;
				CLANG_WARN_ENUM_CONVERSION = YES;
				CLANG_WARN_INT_CONVERSION = YES;
				CLANG_WARN_OBJC_ROOT_CLASS = YES_ERROR;
				CLANG_WARN__DUPLICATE_METHOD_MATCH = YES;
				COPY_PHASE_STRIP = YES;
				ENABLE_NS_ASSERTIONS = NO;
				GCC_C_LANGUAGE_STANDARD = gnu99;
				GCC_WARN_64_TO_32_BIT_CONVERSION = YES;
				GCC_WARN_ABOUT_RETURN_TYPE = YES_ERROR;
				GCC_WARN_UNDECLARED_SELECTOR = YES;
				GCC_WARN_UNINITIALIZED_AUTOS = YES;
				GCC_WARN_UNUSED_FUNCTION = YES;
				GCC_WARN_UNUSED_VARIABLE = YES;
				IPHONEOS_DEPLOYMENT_TARGET = 6.1;
				SDKROOT = iphoneos;
				VALIDATE_PRODUCT = YES;
			};
			name = Release;
		};
		F6C176A5188D5BA400F828AA /* Debug */ = {
			isa = XCBuildConfiguration;
			buildSettings = {
				DSTROOT = /tmp/NXCollectionViewDataSource.dst;
				GCC_PRECOMPILE_PREFIX_HEADER = YES;
				GCC_PREFIX_HEADER = "NXCollectionViewDataSource/NXCollectionViewDataSource-Prefix.pch";
				OTHER_LDFLAGS = "-ObjC";
				PRODUCT_NAME = "$(TARGET_NAME)";
				SKIP_INSTALL = YES;
			};
			name = Debug;
		};
		F6C176A6188D5BA400F828AA /* Release */ = {
			isa = XCBuildConfiguration;
			buildSettings = {
				DSTROOT = /tmp/NXCollectionViewDataSource.dst;
				GCC_PRECOMPILE_PREFIX_HEADER = YES;
				GCC_PREFIX_HEADER = "NXCollectionViewDataSource/NXCollectionViewDataSource-Prefix.pch";
				OTHER_LDFLAGS = "-ObjC";
				PRODUCT_NAME = "$(TARGET_NAME)";
				SKIP_INSTALL = YES;
			};
			name = Release;
		};
		F6C176A8188D5BA400F828AA /* Debug */ = {
			isa = XCBuildConfiguration;
			baseConfigurationReference = 293CC20CFBD242DBB6F289BA /* Pods-NXCollectionViewDataSourceTests.xcconfig */;
			buildSettings = {
				ARCHS = "$(ARCHS_STANDARD_INCLUDING_64_BIT)";
				FRAMEWORK_SEARCH_PATHS = (
					"$(SDKROOT)/Developer/Library/Frameworks",
					"$(inherited)",
					"$(DEVELOPER_FRAMEWORKS_DIR)",
				);
				GCC_PRECOMPILE_PREFIX_HEADER = YES;
				GCC_PREFIX_HEADER = "NXCollectionViewDataSource/NXCollectionViewDataSource-Prefix.pch";
				GCC_PREPROCESSOR_DEFINITIONS = (
					"DEBUG=1",
					"$(inherited)",
				);
				INFOPLIST_FILE = "NXCollectionViewDataSourceTests/NXCollectionViewDataSourceTests-Info.plist";
				PRODUCT_NAME = "$(TARGET_NAME)";
				WRAPPER_EXTENSION = xctest;
			};
			name = Debug;
		};
		F6C176A9188D5BA400F828AA /* Release */ = {
			isa = XCBuildConfiguration;
			baseConfigurationReference = 293CC20CFBD242DBB6F289BA /* Pods-NXCollectionViewDataSourceTests.xcconfig */;
			buildSettings = {
				ARCHS = "$(ARCHS_STANDARD_INCLUDING_64_BIT)";
				FRAMEWORK_SEARCH_PATHS = (
					"$(SDKROOT)/Developer/Library/Frameworks",
					"$(inherited)",
					"$(DEVELOPER_FRAMEWORKS_DIR)",
				);
				GCC_PRECOMPILE_PREFIX_HEADER = YES;
				GCC_PREFIX_HEADER = "NXCollectionViewDataSource/NXCollectionViewDataSource-Prefix.pch";
				INFOPLIST_FILE = "NXCollectionViewDataSourceTests/NXCollectionViewDataSourceTests-Info.plist";
				PRODUCT_NAME = "$(TARGET_NAME)";
				WRAPPER_EXTENSION = xctest;
			};
			name = Release;
		};
/* End XCBuildConfiguration section */

/* Begin XCConfigurationList section */
		F6C1767C188D5BA400F828AA /* Build configuration list for PBXProject "NXCollectionViewDataSource" */ = {
			isa = XCConfigurationList;
			buildConfigurations = (
				F6C176A2188D5BA400F828AA /* Debug */,
				F6C176A3188D5BA400F828AA /* Release */,
			);
			defaultConfigurationIsVisible = 0;
			defaultConfigurationName = Release;
		};
		F6C176A4188D5BA400F828AA /* Build configuration list for PBXNativeTarget "NXCollectionViewDataSource" */ = {
			isa = XCConfigurationList;
			buildConfigurations = (
				F6C176A5188D5BA400F828AA /* Debug */,
				F6C176A6188D5BA400F828AA /* Release */,
			);
			defaultConfigurationIsVisible = 0;
			defaultConfigurationName = Release;
		};
		F6C176A7188D5BA400F828AA /* Build configuration list for PBXNativeTarget "NXCollectionViewDataSourceTests" */ = {
			isa = XCConfigurationList;
			buildConfigurations = (
				F6C176A8188D5BA400F828AA /* Debug */,
				F6C176A9188D5BA400F828AA /* Release */,
			);
			defaultConfigurationIsVisible = 0;
			defaultConfigurationName = Release;
		};
/* End XCConfigurationList section */

/* Begin XCVersionGroup section */
		F631F044188E79DC00F40B67 /* Model.xcdatamodeld */ = {
			isa = XCVersionGroup;
			children = (
				F631F045188E79DC00F40B67 /* Model.xcdatamodel */,
			);
			currentVersion = F631F045188E79DC00F40B67 /* Model.xcdatamodel */;
			path = Model.xcdatamodeld;
			sourceTree = "<group>";
			versionGroupType = wrapper.xcdatamodel;
		};
/* End XCVersionGroup section */
	};
	rootObject = F6C17679188D5BA400F828AA /* Project object */;
}
